
Microsoft Visual Studio Solution File, Format Version 12.00
# Visual Studio 15
VisualStudioVersion = 15.0.28307.1082
MinimumVisualStudioVersion = 10.0.40219.1
Project("{8BC9CEB8-8B4A-11D0-8D11-00A0C91BC942}") = "TIATracker", "TIATracker.vcxproj", "{788397DB-BB71-37F1-BE0A-3E08C8D3796F}"
EndProject
Global
	GlobalSection(SolutionConfigurationPlatforms) = preSolution
		Debug|Win32 = Debug|Win32
		Debug|x64 = Debug|x64
		Debug|x86 = Debug|x86
		Release|Win32 = Release|Win32
		Release|x64 = Release|x64
		Release|x86 = Release|x86
	EndGlobalSection
	GlobalSection(ProjectConfigurationPlatforms) = postSolution
		{788397DB-BB71-37F1-BE0A-3E08C8D3796F}.Debug|Win32.ActiveCfg = Debug|Win32
		{788397DB-BB71-37F1-BE0A-3E08C8D3796F}.Debug|Win32.Build.0 = Debug|Win32
		{788397DB-BB71-37F1-BE0A-3E08C8D3796F}.Debug|x64.ActiveCfg = Debug|x64
		{788397DB-BB71-37F1-BE0A-3E08C8D3796F}.Debug|x64.Build.0 = Debug|x64
		{788397DB-BB71-37F1-BE0A-3E08C8D3796F}.Debug|x86.ActiveCfg = Debug|Win32
		{788397DB-BB71-37F1-BE0A-3E08C8D3796F}.Debug|x86.Build.0 = Debug|Win32
		{788397DB-BB71-37F1-BE0A-3E08C8D3796F}.Release|Win32.ActiveCfg = Release|Win32
		{788397DB-BB71-37F1-BE0A-3E08C8D3796F}.Release|Win32.Build.0 = Release|Win32
		{788397DB-BB71-37F1-BE0A-3E08C8D3796F}.Release|x64.ActiveCfg = Release|x64
		{788397DB-BB71-37F1-BE0A-3E08C8D3796F}.Release|x64.Build.0 = Release|x64
		{788397DB-BB71-37F1-BE0A-3E08C8D3796F}.Release|x86.ActiveCfg = Release|Win32
		{788397DB-BB71-37F1-BE0A-3E08C8D3796F}.Release|x86.Build.0 = Release|Win32
	EndGlobalSection
	GlobalSection(SolutionProperties) = preSolution
		HideSolutionNode = FALSE
	EndGlobalSection
	GlobalSection(ExtensibilityGlobals) = postSolution
		SolutionGuid = {183040C4-8AAC-41B9-8879-22A80668C587}
	EndGlobalSection
EndGlobal
